
Microsoft Visual Studio Solution File, Format Version 12.00
# Visual Studio 15
VisualStudioVersion = 15.0.26228.12
MinimumVisualStudioVersion = 10.0.40219.1
Project("{8BC9CEB8-8B4A-11D0-8D11-00A0C91BC942}") = "Lab1.Core_Objects", "Lab1.Core_Objects\Lab1.Core_Objects.vcxproj", "{C33386F7-8A47-48BF-840B-6942ABA49E6C}"
EndProject
Project("{8BC9CEB8-8B4A-11D0-8D11-00A0C91BC942}") = "Process5", "Process5\Process5.vcxproj", "{1D67DC98-4B77-4786-B578-9A3C1257BCBF}"
EndProject
Project("{8BC9CEB8-8B4A-11D0-8D11-00A0C91BC942}") = "Process1", "Process1\Process1.vcxproj", "{89F17638-D32A-4023-824B-24A1BBB87A46}"
EndProject
Global
	GlobalSection(SolutionConfigurationPlatforms) = preSolution
		Debug|x64 = Debug|x64
		Debug|x86 = Debug|x86
		Release|x64 = Release|x64
		Release|x86 = Release|x86
	EndGlobalSection
	GlobalSection(ProjectConfigurationPlatforms) = postSolution
		{C33386F7-8A47-48BF-840B-6942ABA49E6C}.Debug|x64.ActiveCfg = Debug|x64
		{C33386F7-8A47-48BF-840B-6942ABA49E6C}.Debug|x64.Build.0 = Debug|x64
		{C33386F7-8A47-48BF-840B-6942ABA49E6C}.Debug|x86.ActiveCfg = Debug|Win32
		{C33386F7-8A47-48BF-840B-6942ABA49E6C}.Debug|x86.Build.0 = Debug|Win32
		{C33386F7-8A47-48BF-840B-6942ABA49E6C}.Release|x64.ActiveCfg = Release|x64
		{C33386F7-8A47-48BF-840B-6942ABA49E6C}.Release|x64.Build.0 = Release|x64
		{C33386F7-8A47-48BF-840B-6942ABA49E6C}.Release|x86.ActiveCfg = Release|Win32
		{C33386F7-8A47-48BF-840B-6942ABA49E6C}.Release|x86.Build.0 = Release|Win32
		{1D67DC98-4B77-4786-B578-9A3C1257BCBF}.Debug|x64.ActiveCfg = Debug|x64
		{1D67DC98-4B77-4786-B578-9A3C1257BCBF}.Debug|x64.Build.0 = Debug|x64
		{1D67DC98-4B77-4786-B578-9A3C1257BCBF}.Debug|x86.ActiveCfg = Debug|Win32
		{1D67DC98-4B77-4786-B578-9A3C1257BCBF}.Debug|x86.Build.0 = Debug|Win32
		{1D67DC98-4B77-4786-B578-9A3C1257BCBF}.Release|x64.ActiveCfg = Release|x64
		{1D67DC98-4B77-4786-B578-9A3C1257BCBF}.Release|x64.Build.0 = Release|x64
		{1D67DC98-4B77-4786-B578-9A3C1257BCBF}.Release|x86.ActiveCfg = Release|Win32
		{1D67DC98-4B77-4786-B578-9A3C1257BCBF}.Release|x86.Build.0 = Release|Win32
		{89F17638-D32A-4023-824B-24A1BBB87A46}.Debug|x64.ActiveCfg = Debug|x64
		{89F17638-D32A-4023-824B-24A1BBB87A46}.Debug|x64.Build.0 = Debug|x64
		{89F17638-D32A-4023-824B-24A1BBB87A46}.Debug|x86.ActiveCfg = Debug|Win32
		{89F17638-D32A-4023-824B-24A1BBB87A46}.Debug|x86.Build.0 = Debug|Win32
		{89F17638-D32A-4023-824B-24A1BBB87A46}.Release|x64.ActiveCfg = Release|x64
		{89F17638-D32A-4023-824B-24A1BBB87A46}.Release|x64.Build.0 = Release|x64
		{89F17638-D32A-4023-824B-24A1BBB87A46}.Release|x86.ActiveCfg = Release|Win32
		{89F17638-D32A-4023-824B-24A1BBB87A46}.Release|x86.Build.0 = Release|Win32
	EndGlobalSection
	GlobalSection(SolutionProperties) = preSolution
		HideSolutionNode = FALSE
	EndGlobalSection
EndGlobal
